
Microsoft Visual Studio Solution File, Format Version 12.00
# Visual Studio Version 17
VisualStudioVersion = 17.9.34622.214
MinimumVisualStudioVersion = 10.0.40219.1
Project("{FAE04EC0-301F-11D3-BF4B-00C04F79EFBC}") = "QuiosqueDeCursos", "QuiosqueDeCursos\QuiosqueDeCursos.csproj", "{FD3BECCA-1F43-405F-895A-4A51E6D52D15}"
EndProject
Global
	GlobalSection(SolutionConfigurationPlatforms) = preSolution
		Debug|Any CPU = Debug|Any CPU
		Release|Any CPU = Release|Any CPU
	EndGlobalSection
	GlobalSection(ProjectConfigurationPlatforms) = postSolution
		{FD3BECCA-1F43-405F-895A-4A51E6D52D15}.Debug|Any CPU.ActiveCfg = Debug|Any CPU
		{FD3BECCA-1F43-405F-895A-4A51E6D52D15}.Debug|Any CPU.Build.0 = Debug|Any CPU
		{FD3BECCA-1F43-405F-895A-4A51E6D52D15}.Release|Any CPU.ActiveCfg = Release|Any CPU
		{FD3BECCA-1F43-405F-895A-4A51E6D52D15}.Release|Any CPU.Build.0 = Release|Any CPU
	EndGlobalSection
	GlobalSection(SolutionProperties) = preSolution
		HideSolutionNode = FALSE
	EndGlobalSection
	GlobalSection(ExtensibilityGlobals) = postSolution
		SolutionGuid = {0E3D5D6C-9F6B-400B-A432-3A542D4F7A21}
	EndGlobalSection
EndGlobal
